
Microsoft Visual Studio Solution File, Format Version 12.00
# Visual Studio Version 16
VisualStudioVersion = 16.0.29306.81
MinimumVisualStudioVersion = 10.0.40219.1
Project("{8BC9CEB8-8B4A-11D0-8D11-00A0C91BC942}") = "Project24", "Project24\Project24.vcxproj", "{A7C7434C-D525-4D44-A1A3-EDBB47455985}"
EndProject
Global
	GlobalSection(SolutionConfigurationPlatforms) = preSolution
		Debug|x64 = Debug|x64
		Debug|x86 = Debug|x86
		Release|x64 = Release|x64
		Release|x86 = Release|x86
	EndGlobalSection
	GlobalSection(ProjectConfigurationPlatforms) = postSolution
		{A7C7434C-D525-4D44-A1A3-EDBB47455985}.Debug|x64.ActiveCfg = Debug|x64
		{A7C7434C-D525-4D44-A1A3-EDBB47455985}.Debug|x64.Build.0 = Debug|x64
		{A7C7434C-D525-4D44-A1A3-EDBB47455985}.Debug|x86.ActiveCfg = Debug|Win32
		{A7C7434C-D525-4D44-A1A3-EDBB47455985}.Debug|x86.Build.0 = Debug|Win32
		{A7C7434C-D525-4D44-A1A3-EDBB47455985}.Release|x64.ActiveCfg = Release|x64
		{A7C7434C-D525-4D44-A1A3-EDBB47455985}.Release|x64.Build.0 = Release|x64
		{A7C7434C-D525-4D44-A1A3-EDBB47455985}.Release|x86.ActiveCfg = Release|Win32
		{A7C7434C-D525-4D44-A1A3-EDBB47455985}.Release|x86.Build.0 = Release|Win32
	EndGlobalSection
	GlobalSection(SolutionProperties) = preSolution
		HideSolutionNode = FALSE
	EndGlobalSection
	GlobalSection(ExtensibilityGlobals) = postSolution
		SolutionGuid = {AA5B3607-1E54-4C23-9345-218E2F3E2A68}
	EndGlobalSection
EndGlobal
